
Microsoft Visual Studio Solution File, Format Version 12.00
# Visual Studio Version 17
VisualStudioVersion = 17.1.32328.378
MinimumVisualStudioVersion = 10.0.40219.1
Project("{8BC9CEB8-8B4A-11D0-8D11-00A0C91BC942}") = "TTS", "TTS\TTS.vcxproj", "{CC6F659B-CFD1-47D8-8488-4FE38D2E2B47}"
EndProject
Global
	GlobalSection(SolutionConfigurationPlatforms) = preSolution
		Debug|x64 = Debug|x64
		Debug|x86 = Debug|x86
		Release|x64 = Release|x64
		Release|x86 = Release|x86
	EndGlobalSection
	GlobalSection(ProjectConfigurationPlatforms) = postSolution
		{CC6F659B-CFD1-47D8-8488-4FE38D2E2B47}.Debug|x64.ActiveCfg = Debug|x64
		{CC6F659B-CFD1-47D8-8488-4FE38D2E2B47}.Debug|x64.Build.0 = Debug|x64
		{CC6F659B-CFD1-47D8-8488-4FE38D2E2B47}.Debug|x86.ActiveCfg = Debug|Win32
		{CC6F659B-CFD1-47D8-8488-4FE38D2E2B47}.Debug|x86.Build.0 = Debug|Win32
		{CC6F659B-CFD1-47D8-8488-4FE38D2E2B47}.Release|x64.ActiveCfg = Release|x64
		{CC6F659B-CFD1-47D8-8488-4FE38D2E2B47}.Release|x64.Build.0 = Release|x64
		{CC6F659B-CFD1-47D8-8488-4FE38D2E2B47}.Release|x86.ActiveCfg = Release|Win32
		{CC6F659B-CFD1-47D8-8488-4FE38D2E2B47}.Release|x86.Build.0 = Release|Win32
	EndGlobalSection
	GlobalSection(SolutionProperties) = preSolution
		HideSolutionNode = FALSE
	EndGlobalSection
	GlobalSection(ExtensibilityGlobals) = postSolution
		SolutionGuid = {34698E5A-674F-4FED-B4FF-AA4E1C09E2A7}
	EndGlobalSection
EndGlobal
